// !$*UTF8*$!
{
	archiveVersion = 1;
	classes = {
	};
	objectVersion = 46;
	objects = {

/* Begin PBXBuildFile section */
		4FA43EE11B145C4D00B445AC /* main.m in Sources */ = {isa = PBXBuildFile; fileRef = 4FA43EE01B145C4D00B445AC /* main.m */; };
		4FA43EE41B145C4D00B445AC /* AppDelegate.m in Sources */ = {isa = PBXBuildFile; fileRef = 4FA43EE31B145C4D00B445AC /* AppDelegate.m */; };
		4FA43EE71B145C4D00B445AC /* ViewController.m in Sources */ = {isa = PBXBuildFile; fileRef = 4FA43EE61B145C4D00B445AC /* ViewController.m */; };
		4FA43EEA1B145C4D00B445AC /* Main.storyboard in Resources */ = {isa = PBXBuildFile; fileRef = 4FA43EE81B145C4D00B445AC /* Main.storyboard */; };
		4FA43EEC1B145C4D00B445AC /* Images.xcassets in Resources */ = {isa = PBXBuildFile; fileRef = 4FA43EEB1B145C4D00B445AC /* Images.xcassets */; };
		4FA43EEF1B145C4D00B445AC /* LaunchScreen.xib in Resources */ = {isa = PBXBuildFile; fileRef = 4FA43EED1B145C4D00B445AC /* LaunchScreen.xib */; };
		4FA43EFB1B145C4D00B445AC /* PreDemoTests.m in Sources */ = {isa = PBXBuildFile; fileRef = 4FA43EFA1B145C4D00B445AC /* PreDemoTests.m */; };
		4FA43F061B145C6500B445AC /* SecondViewController.m in Sources */ = {isa = PBXBuildFile; fileRef = 4FA43F051B145C6500B445AC /* SecondViewController.m */; };
		4FA43F071B145C6500B445AC /* SecondViewController.m in Sources */ = {isa = PBXBuildFile; fileRef = 4FA43F051B145C6500B445AC /* SecondViewController.m */; };
/* End PBXBuildFile section */

/* Begin PBXContainerItemProxy section */
		4FA43EF51B145C4D00B445AC /* PBXContainerItemProxy */ = {
			isa = PBXContainerItemProxy;
			containerPortal = 4FA43ED31B145C4C00B445AC /* Project object */;
			proxyType = 1;
			remoteGlobalIDString = 4FA43EDA1B145C4D00B445AC;
			remoteInfo = PreDemo;
		};
/* End PBXContainerItemProxy section */

/* Begin PBXFileReference section */
		4FA43EDB1B145C4D00B445AC /* PreDemo.app */ = {isa = PBXFileReference; explicitFileType = wrapper.application; includeInIndex = 0; path = PreDemo.app; sourceTree = BUILT_PRODUCTS_DIR; };
		4FA43EDF1B145C4D00B445AC /* Info.plist */ = {isa = PBXFileReference; lastKnownFileType = text.plist.xml; path = Info.plist; sourceTree = "<group>"; };
		4FA43EE01B145C4D00B445AC /* main.m */ = {isa = PBXFileReference; lastKnownFileType = sourcecode.c.objc; path = main.m; sourceTree = "<group>"; };
		4FA43EE21B145C4D00B445AC /* AppDelegate.h */ = {isa = PBXFileReference; lastKnownFileType = sourcecode.c.h; path = AppDelegate.h; sourceTree = "<group>"; };
		4FA43EE31B145C4D00B445AC /* AppDelegate.m */ = {isa = PBXFileReference; lastKnownFileType = sourcecode.c.objc; path = AppDelegate.m; sourceTree = "<group>"; };
		4FA43EE51B145C4D00B445AC /* ViewController.h */ = {isa = PBXFileReference; lastKnownFileType = sourcecode.c.h; path = ViewController.h; sourceTree = "<group>"; };
		4FA43EE61B145C4D00B445AC /* ViewController.m */ = {isa = PBXFileReference; lastKnownFileType = sourcecode.c.objc; path = ViewController.m; sourceTree = "<group>"; };
		4FA43EE91B145C4D00B445AC /* Base */ = {isa = PBXFileReference; lastKnownFileType = file.storyboard; name = Base; path = Base.lproj/Main.storyboard; sourceTree = "<group>"; };
		4FA43EEB1B145C4D00B445AC /* Images.xcassets */ = {isa = PBXFileReference; lastKnownFileType = folder.assetcatalog; path = Images.xcassets; sourceTree = "<group>"; };
		4FA43EEE1B145C4D00B445AC /* Base */ = {isa = PBXFileReference; lastKnownFileType = file.xib; name = Base; path = Base.lproj/LaunchScreen.xib; sourceTree = "<group>"; };
		4FA43EF41B145C4D00B445AC /* PreDemoTests.xctest */ = {isa = PBXFileReference; explicitFileType = wrapper.cfbundle; includeInIndex = 0; path = PreDemoTests.xctest; sourceTree = BUILT_PRODUCTS_DIR; };
		4FA43EF91B145C4D00B445AC /* Info.plist */ = {isa = PBXFileReference; lastKnownFileType = text.plist.xml; path = Info.plist; sourceTree = "<group>"; };
		4FA43EFA1B145C4D00B445AC /* PreDemoTests.m */ = {isa = PBXFileReference; lastKnownFileType = sourcecode.c.objc; path = PreDemoTests.m; sourceTree = "<group>"; };
		4FA43F041B145C6500B445AC /* SecondViewController.h */ = {isa = PBXFileReference; fileEncoding = 4; lastKnownFileType = sourcecode.c.h; path = SecondViewController.h; sourceTree = "<group>"; };
		4FA43F051B145C6500B445AC /* SecondViewController.m */ = {isa = PBXFileReference; fileEncoding = 4; lastKnownFileType = sourcecode.c.objc; path = SecondViewController.m; sourceTree = "<group>"; };
/* End PBXFileReference section */

/* Begin PBXFrameworksBuildPhase section */
		4FA43ED81B145C4D00B445AC /* Frameworks */ = {
			isa = PBXFrameworksBuildPhase;
			buildActionMask = 2147483647;
			files = (
			);
			runOnlyForDeploymentPostprocessing = 0;
		};
		4FA43EF11B145C4D00B445AC /* Frameworks */ = {
			isa = PBXFrameworksBuildPhase;
			buildActionMask = 2147483647;
			files = (
			);
			runOnlyForDeploymentPostprocessing = 0;
		};
/* End PBXFrameworksBuildPhase section */

/* Begin PBXGroup section */
		4FA43ED21B145C4C00B445AC = {
			isa = PBXGroup;
			children = (
				4FA43EDD1B145C4D00B445AC /* PreDemo */,
				4FA43EF71B145C4D00B445AC /* PreDemoTests */,
				4FA43EDC1B145C4D00B445AC /* Products */,
			);
			sourceTree = "<group>";
		};
		4FA43EDC1B145C4D00B445AC /* Products */ = {
			isa = PBXGroup;
			children = (
				4FA43EDB1B145C4D00B445AC /* PreDemo.app */,
				4FA43EF41B145C4D00B445AC /* PreDemoTests.xctest */,
			);
			name = Products;
			sourceTree = "<group>";
		};
		4FA43EDD1B145C4D00B445AC /* PreDemo */ = {
			isa = PBXGroup;
			children = (
				4FA43EE21B145C4D00B445AC /* AppDelegate.h */,
				4FA43EE31B145C4D00B445AC /* AppDelegate.m */,
				4FA43EE51B145C4D00B445AC /* ViewController.h */,
				4FA43EE61B145C4D00B445AC /* ViewController.m */,
				4FA43F041B145C6500B445AC /* SecondViewController.h */,
				4FA43F051B145C6500B445AC /* SecondViewController.m */,
				4FA43EE81B145C4D00B445AC /* Main.storyboard */,
				4FA43EEB1B145C4D00B445AC /* Images.xcassets */,
				4FA43EED1B145C4D00B445AC /* LaunchScreen.xib */,
				4FA43EDE1B145C4D00B445AC /* Supporting Files */,
			);
			path = PreDemo;
			sourceTree = "<group>";
		};
		4FA43EDE1B145C4D00B445AC /* Supporting Files */ = {
			isa = PBXGroup;
			children = (
				4FA43EDF1B145C4D00B445AC /* Info.plist */,
				4FA43EE01B145C4D00B445AC /* main.m */,
			);
			name = "Supporting Files";
			sourceTree = "<group>";
		};
		4FA43EF71B145C4D00B445AC /* PreDemoTests */ = {
			isa = PBXGroup;
			children = (
				4FA43EFA1B145C4D00B445AC /* PreDemoTests.m */,
				4FA43EF81B145C4D00B445AC /* Supporting Files */,
			);
			path = PreDemoTests;
			sourceTree = "<group>";
		};
		4FA43EF81B145C4D00B445AC /* Supporting Files */ = {
			isa = PBXGroup;
			children = (
				4FA43EF91B145C4D00B445AC /* Info.plist */,
			);
			name = "Supporting Files";
			sourceTree = "<group>";
		};
/* End PBXGroup section */

/* Begin PBXNativeTarget section */
		4FA43EDA1B145C4D00B445AC /* PreDemo */ = {
			isa = PBXNativeTarget;
			buildConfigurationList = 4FA43EFE1B145C4D00B445AC /* Build configuration list for PBXNativeTarget "PreDemo" */;
			buildPhases = (
				4FA43ED71B145C4D00B445AC /* Sources */,
				4FA43ED81B145C4D00B445AC /* Frameworks */,
				4FA43ED91B145C4D00B445AC /* Resources */,
			);
			buildRules = (
			);
			dependencies = (
			);
			name = PreDemo;
			productName = PreDemo;
			productReference = 4FA43EDB1B145C4D00B445AC /* PreDemo.app */;
			productType = "com.apple.product-type.application";
		};
		4FA43EF31B145C4D00B445AC /* PreDemoTests */ = {
			isa = PBXNativeTarget;
			buildConfigurationList = 4FA43F011B145C4D00B445AC /* Build configuration list for PBXNativeTarget "PreDemoTests" */;
			buildPhases = (
				4FA43EF01B145C4D00B445AC /* Sources */,
				4FA43EF11B145C4D00B445AC /* Frameworks */,
				4FA43EF21B145C4D00B445AC /* Resources */,
			);
			buildRules = (
			);
			dependencies = (
				4FA43EF61B145C4D00B445AC /* PBXTargetDependency */,
			);
			name = PreDemoTests;
			productName = PreDemoTests;
			productReference = 4FA43EF41B145C4D00B445AC /* PreDemoTests.xctest */;
			productType = "com.apple.product-type.bundle.unit-test";
		};
/* End PBXNativeTarget section */

/* Begin PBXProject section */
		4FA43ED31B145C4C00B445AC /* Project object */ = {
			isa = PBXProject;
			attributes = {
				LastUpgradeCheck = 0630;
				ORGANIZATIONNAME = LHL;
				TargetAttributes = {
					4FA43EDA1B145C4D00B445AC = {
						CreatedOnToolsVersion = 6.3;
					};
					4FA43EF31B145C4D00B445AC = {
						CreatedOnToolsVersion = 6.3;
						TestTargetID = 4FA43EDA1B145C4D00B445AC;
					};
				};
			};
			buildConfigurationList = 4FA43ED61B145C4C00B445AC /* Build configuration list for PBXProject "PreDemo" */;
			compatibilityVersion = "Xcode 3.2";
			developmentRegion = English;
			hasScannedForEncodings = 0;
			knownRegions = (
				en,
				Base,
			);
			mainGroup = 4FA43ED21B145C4C00B445AC;
			productRefGroup = 4FA43EDC1B145C4D00B445AC /* Products */;
			projectDirPath = "";
			projectRoot = "";
			targets = (
				4FA43EDA1B145C4D00B445AC /* PreDemo */,
				4FA43EF31B145C4D00B445AC /* PreDemoTests */,
			);
		};
/* End PBXProject section */

/* Begin PBXResourcesBuildPhase section */
		4FA43ED91B145C4D00B445AC /* Resources */ = {
			isa = PBXResourcesBuildPhase;
			buildActionMask = 2147483647;
			files = (
				4FA43EEA1B145C4D00B445AC /* Main.storyboard in Resources */,
				4FA43EEF1B145C4D00B445AC /* LaunchScreen.xib in Resources */,
				4FA43EEC1B145C4D00B445AC /* Images.xcassets in Resources */,
			);
			runOnlyForDeploymentPostprocessing = 0;
		};
		4FA43EF21B145C4D00B445AC /* Resources */ = {
			isa = PBXResourcesBuildPhase;
			buildActionMask = 2147483647;
			files = (
			);
			runOnlyForDeploymentPostprocessing = 0;
		};
/* End PBXResourcesBuildPhase section */

/* Begin PBXSourcesBuildPhase section */
		4FA43ED71B145C4D00B445AC /* Sources */ = {
			isa = PBXSourcesBuildPhase;
			buildActionMask = 2147483647;
			files = (
				4FA43F061B145C6500B445AC /* SecondViewController.m in Sources */,
				4FA43EE71B145C4D00B445AC /* ViewController.m in Sources */,
				4FA43EE41B145C4D00B445AC /* AppDelegate.m in Sources */,
				4FA43EE11B145C4D00B445AC /* main.m in Sources */,
			);
			runOnlyForDeploymentPostprocessing = 0;
		};
		4FA43EF01B145C4D00B445AC /* Sources */ = {
			isa = PBXSourcesBuildPhase;
			buildActionMask = 2147483647;
			files = (
				4FA43F071B145C6500B445AC /* SecondViewController.m in Sources */,
				4FA43EFB1B145C4D00B445AC /* PreDemoTests.m in Sources */,
			);
			runOnlyForDeploymentPostprocessing = 0;
		};
/* End PBXSourcesBuildPhase section */

/* Begin PBXTargetDependency section */
		4FA43EF61B145C4D00B445AC /* PBXTargetDependency */ = {
			isa = PBXTargetDependency;
			target = 4FA43EDA1B145C4D00B445AC /* PreDemo */;
			targetProxy = 4FA43EF51B145C4D00B445AC /* PBXContainerItemProxy */;
		};
/* End PBXTargetDependency section */

/* Begin PBXVariantGroup section */
		4FA43EE81B145C4D00B445AC /* Main.storyboard */ = {
			isa = PBXVariantGroup;
			children = (
				4FA43EE91B145C4D00B445AC /* Base */,
			);
			name = Main.storyboard;
			sourceTree = "<group>";
		};
		4FA43EED1B145C4D00B445AC /* LaunchScreen.xib */ = {
			isa = PBXVariantGroup;
			children = (
				4FA43EEE1B145C4D00B445AC /* Base */,
			);
			name = LaunchScreen.xib;
			sourceTree = "<group>";
		};
/* End PBXVariantGroup section */

/* Begin XCBuildConfiguration section */
		4FA43EFC1B145C4D00B445AC /* Debug */ = {
			isa = XCBuildConfiguration;
			buildSettings = {
				ALWAYS_SEARCH_USER_PATHS = NO;
				CLANG_CXX_LANGUAGE_STANDARD = "gnu++0x";
				CLANG_CXX_LIBRARY = "libc++";
				CLANG_ENABLE_MODULES = YES;
				CLANG_ENABLE_OBJC_ARC = YES;
				CLANG_WARN_BOOL_CONVERSION = YES;
				CLANG_WARN_CONSTANT_CONVERSION = YES;
				CLANG_WARN_DIRECT_OBJC_ISA_USAGE = YES_ERROR;
				CLANG_WARN_EMPTY_BODY = YES;
				CLANG_WARN_ENUM_CONVERSION = YES;
				CLANG_WARN_INT_CONVERSION = YES;
				CLANG_WARN_OBJC_ROOT_CLASS = YES_ERROR;
				CLANG_WARN_UNREACHABLE_CODE = YES;
				CLANG_WARN__DUPLICATE_METHOD_MATCH = YES;
				"CODE_SIGN_IDENTITY[sdk=iphoneos*]" = "iPhone Developer";
				COPY_PHASE_STRIP = NO;
				DEBUG_INFORMATION_FORMAT = "dwarf-with-dsym";
				ENABLE_STRICT_OBJC_MSGSEND = YES;
				GCC_C_LANGUAGE_STANDARD = gnu99;
				GCC_DYNAMIC_NO_PIC = NO;
				GCC_NO_COMMON_BLOCKS = YES;
				GCC_OPTIMIZATION_LEVEL = 0;
				GCC_PREPROCESSOR_DEFINITIONS = (
					"DEBUG=1",
					"$(inherited)",
				);
				GCC_SYMBOLS_PRIVATE_EXTERN = NO;
				GCC_WARN_64_TO_32_BIT_CONVERSION = YES;
				GCC_WARN_ABOUT_RETURN_TYPE = YES_ERROR;
				GCC_WARN_UNDECLARED_SELECTOR = YES;
				GCC_WARN_UNINITIALIZED_AUTOS = YES_AGGRESSIVE;
				GCC_WARN_UNUSED_FUNCTION = YES;
				GCC_WARN_UNUSED_VARIABLE = YES;
				IPHONEOS_DEPLOYMENT_TARGET = 8.3;
				MTL_ENABLE_DEBUG_INFO = YES;
				ONLY_ACTIVE_ARCH = YES;
				SDKROOT = iphoneos;
			};
			name = Debug;
		};
		4FA43EFD1B145C4D00B445AC /* Release */ = {
			isa = XCBuildConfiguration;
			buildSettings = {
				ALWAYS_SEARCH_USER_PATHS = NO;
				CLANG_CXX_LANGUAGE_STANDARD = "gnu++0x";
				CLANG_CXX_LIBRARY = "libc++";
				CLANG_ENABLE_MODULES = YES;
				CLANG_ENABLE_OBJC_ARC = YES;
				CLANG_WARN_BOOL_CONVERSION = YES;
				CLANG_WARN_CONSTANT_CONVERSION = YES;
				CLANG_WARN_DIRECT_OBJC_ISA_USAGE = YES_ERROR;
				CLANG_WARN_EMPTY_BODY = YES;
				CLANG_WARN_ENUM_CONVERSION = YES;
				CLANG_WARN_INT_CONVERSION = YES;
				CLANG_WARN_OBJC_ROOT_CLASS = YES_ERROR;
				CLANG_WARN_UNREACHABLE_CODE = YES;
				CLANG_WARN__DUPLICATE_METHOD_MATCH = YES;
				"CODE_SIGN_IDENTITY[sdk=iphoneos*]" = "iPhone Developer";
				COPY_PHASE_STRIP = NO;
				DEBUG_INFORMATION_FORMAT = "dwarf-with-dsym";
				ENABLE_NS_ASSERTIONS = NO;
				ENABLE_STRICT_OBJC_MSGSEND = YES;
				GCC_C_LANGUAGE_STANDARD = gnu99;
				GCC_NO_COMMON_BLOCKS = YES;
				GCC_WARN_64_TO_32_BIT_CONVERSION = YES;
				GCC_WARN_ABOUT_RETURN_TYPE = YES_ERROR;
				GCC_WARN_UNDECLARED_SELECTOR = YES;
				GCC_WARN_UNINITIALIZED_AUTOS = YES_AGGRESSIVE;
				GCC_WARN_UNUSED_FUNCTION = YES;
				GCC_WARN_UNUSED_VARIABLE = YES;
				IPHONEOS_DEPLOYMENT_TARGET = 8.3;
				MTL_ENABLE_DEBUG_INFO = NO;
				SDKROOT = iphoneos;
				VALIDATE_PRODUCT = YES;
			};
			name = Release;
		};
		4FA43EFF1B145C4D00B445AC /* Debug */ = {
			isa = XCBuildConfiguration;
			buildSettings = {
				ASSETCATALOG_COMPILER_APPICON_NAME = AppIcon;
				INFOPLIST_FILE = PreDemo/Info.plist;
				LD_RUNPATH_SEARCH_PATHS = "$(inherited) @executable_path/Frameworks";
				PRODUCT_NAME = "$(TARGET_NAME)";
			};
			name = Debug;
		};
		4FA43F001B145C4D00B445AC /* Release */ = {
			isa = XCBuildConfiguration;
			buildSettings = {
				ASSETCATALOG_COMPILER_APPICON_NAME = AppIcon;
				INFOPLIST_FILE = PreDemo/Info.plist;
				LD_RUNPATH_SEARCH_PATHS = "$(inherited) @executable_path/Frameworks";
				PRODUCT_NAME = "$(TARGET_NAME)";
			};
			name = Release;
		};
		4FA43F021B145C4D00B445AC /* Debug */ = {
			isa = XCBuildConfiguration;
			buildSettings = {
				BUNDLE_LOADER = "$(TEST_HOST)";
				FRAMEWORK_SEARCH_PATHS = (
					"$(SDKROOT)/Developer/Library/Frameworks",
					"$(inherited)",
				);
				GCC_PREPROCESSOR_DEFINITIONS = (
					"DEBUG=1",
					"$(inherited)",
				);
				INFOPLIST_FILE = PreDemoTests/Info.plist;
				LD_RUNPATH_SEARCH_PATHS = "$(inherited) @executable_path/Frameworks @loader_path/Frameworks";
				PRODUCT_NAME = "$(TARGET_NAME)";
				TEST_HOST = "$(BUILT_PRODUCTS_DIR)/PreDemo.app/PreDemo";
			};
			name = Debug;
		};
		4FA43F031B145C4D00B445AC /* Release */ = {
			isa = XCBuildConfiguration;
			buildSettings = {
				BUNDLE_LOADER = "$(TEST_HOST)";
				FRAMEWORK_SEARCH_PATHS = (
					"$(SDKROOT)/Developer/Library/Frameworks",
					"$(inherited)",
				);
				INFOPLIST_FILE = PreDemoTests/Info.plist;
				LD_RUNPATH_SEARCH_PATHS = "$(inherited) @executable_path/Frameworks @loader_path/Frameworks";
				PRODUCT_NAME = "$(TARGET_NAME)";
				TEST_HOST = "$(BUILT_PRODUCTS_DIR)/PreDemo.app/PreDemo";
			};
			name = Release;
		};
/* End XCBuildConfiguration section */

/* Begin XCConfigurationList section */
		4FA43ED61B145C4C00B445AC /* Build configuration list for PBXProject "PreDemo" */ = {
			isa = XCConfigurationList;
			buildConfigurations = (
				4FA43EFC1B145C4D00B445AC /* Debug */,
				4FA43EFD1B145C4D00B445AC /* Release */,
			);
			defaultConfigurationIsVisible = 0;
			defaultConfigurationName = Release;
		};
		4FA43EFE1B145C4D00B445AC /* Build configuration list for PBXNativeTarget "PreDemo" */ = {
			isa = XCConfigurationList;
			buildConfigurations = (
				4FA43EFF1B145C4D00B445AC /* Debug */,
				4FA43F001B145C4D00B445AC /* Release */,
			);
			defaultConfigurationIsVisible = 0;
			defaultConfigurationName = Release;
		};
		4FA43F011B145C4D00B445AC /* Build configuration list for PBXNativeTarget "PreDemoTests" */ = {
			isa = XCConfigurationList;
			buildConfigurations = (
				4FA43F021B145C4D00B445AC /* Debug */,
				4FA43F031B145C4D00B445AC /* Release */,
			);
			defaultConfigurationIsVisible = 0;
			defaultConfigurationName = Release;
		};
/* End XCConfigurationList section */
	};
	rootObject = 4FA43ED31B145C4C00B445AC /* Project object */;
}
